
Microsoft Visual Studio Solution File, Format Version 12.00
# Visual Studio Version 17
VisualStudioVersion = 17.0.31903.59
MinimumVisualStudioVersion = 10.0.40219.1
Project("{9A19103F-16F7-4668-BE54-9A1E7A4F7556}") = "RndTacToe.Server", "RndTacToe.Server\RndTacToe.Server.csproj", "{D3FEECB3-2524-4EA1-B94D-7E3A9C62E562}"
EndProject
Project("{9A19103F-16F7-4668-BE54-9A1E7A4F7556}") = "RndTacToe.ConnectionManager", "RndTacToe.ConnectionManager\RndTacToe.ConnectionManager.csproj", "{3DDE13B4-900A-4DA3-8FB6-4E96BB570633}"
EndProject
Project("{FAE04EC0-301F-11D3-BF4B-00C04F79EFBC}") = "RndTacToe.Lobby.DataAccess", "RndTacToe.Lobby.DataAccess\RndTacToe.Lobby.DataAccess.csproj", "{1C54E76C-3D82-4154-B836-2DCC2A3C6829}"
EndProject
Project("{FAE04EC0-301F-11D3-BF4B-00C04F79EFBC}") = "RndTacToe.Models", "RndTacToe.Models\RndTacToe.Models.csproj", "{FB8232F6-3EF0-4C56-B9D6-05DD5C73BEB9}"
EndProject
Global
	GlobalSection(SolutionConfigurationPlatforms) = preSolution
		Debug|Any CPU = Debug|Any CPU
		Release|Any CPU = Release|Any CPU
	EndGlobalSection
	GlobalSection(ProjectConfigurationPlatforms) = postSolution
		{D3FEECB3-2524-4EA1-B94D-7E3A9C62E562}.Debug|Any CPU.ActiveCfg = Debug|Any CPU
		{D3FEECB3-2524-4EA1-B94D-7E3A9C62E562}.Debug|Any CPU.Build.0 = Debug|Any CPU
		{D3FEECB3-2524-4EA1-B94D-7E3A9C62E562}.Release|Any CPU.ActiveCfg = Release|Any CPU
		{D3FEECB3-2524-4EA1-B94D-7E3A9C62E562}.Release|Any CPU.Build.0 = Release|Any CPU
		{3DDE13B4-900A-4DA3-8FB6-4E96BB570633}.Debug|Any CPU.ActiveCfg = Debug|Any CPU
		{3DDE13B4-900A-4DA3-8FB6-4E96BB570633}.Debug|Any CPU.Build.0 = Debug|Any CPU
		{3DDE13B4-900A-4DA3-8FB6-4E96BB570633}.Release|Any CPU.ActiveCfg = Release|Any CPU
		{3DDE13B4-900A-4DA3-8FB6-4E96BB570633}.Release|Any CPU.Build.0 = Release|Any CPU
		{1C54E76C-3D82-4154-B836-2DCC2A3C6829}.Debug|Any CPU.ActiveCfg = Debug|Any CPU
		{1C54E76C-3D82-4154-B836-2DCC2A3C6829}.Debug|Any CPU.Build.0 = Debug|Any CPU
		{1C54E76C-3D82-4154-B836-2DCC2A3C6829}.Release|Any CPU.ActiveCfg = Release|Any CPU
		{1C54E76C-3D82-4154-B836-2DCC2A3C6829}.Release|Any CPU.Build.0 = Release|Any CPU
		{FB8232F6-3EF0-4C56-B9D6-05DD5C73BEB9}.Debug|Any CPU.ActiveCfg = Debug|Any CPU
		{FB8232F6-3EF0-4C56-B9D6-05DD5C73BEB9}.Debug|Any CPU.Build.0 = Debug|Any CPU
		{FB8232F6-3EF0-4C56-B9D6-05DD5C73BEB9}.Release|Any CPU.ActiveCfg = Release|Any CPU
		{FB8232F6-3EF0-4C56-B9D6-05DD5C73BEB9}.Release|Any CPU.Build.0 = Release|Any CPU
	EndGlobalSection
	GlobalSection(SolutionProperties) = preSolution
		HideSolutionNode = FALSE
	EndGlobalSection
	GlobalSection(ExtensibilityGlobals) = postSolution
		SolutionGuid = {EACCDAD5-635A-48EF-80CB-02CCAA43D11A}
	EndGlobalSection
EndGlobal
